// !$*UTF8*$!
{
	archiveVersion = 1;
	classes = {
	};
	objectVersion = 56;
	objects = {

/* Begin PBXBuildFile section */
		A71EECFC2AEF005400C1F775 /* SplashScreen.swift in Sources */ = {isa = PBXBuildFile; fileRef = A71EECFB2AEF005400C1F775 /* SplashScreen.swift */; };
		A71EECFE2AEF235A00C1F775 /* Module Components.swift in Sources */ = {isa = PBXBuildFile; fileRef = A71EECFD2AEF235A00C1F775 /* Module Components.swift */; };
		A72015B62AE85CD900327963 /* CentraApp.swift in Sources */ = {isa = PBXBuildFile; fileRef = A72015B52AE85CD900327963 /* CentraApp.swift */; };
		A72015BA2AE85CDA00327963 /* Assets.xcassets in Resources */ = {isa = PBXBuildFile; fileRef = A72015B92AE85CDA00327963 /* Assets.xcassets */; };
		A72015BD2AE85CDA00327963 /* Preview Assets.xcassets in Resources */ = {isa = PBXBuildFile; fileRef = A72015BC2AE85CDA00327963 /* Preview Assets.xcassets */; };
		A75695D62AF7EE1C00FF4B31 /* Module Details.swift in Sources */ = {isa = PBXBuildFile; fileRef = A75695D52AF7EE1C00FF4B31 /* Module Details.swift */; };
		A75695D82AF7EE2700FF4B31 /* Settings.swift in Sources */ = {isa = PBXBuildFile; fileRef = A75695D72AF7EE2700FF4B31 /* Settings.swift */; };
		A7810E9C2AEEE0690032CA72 /* Modules.swift in Sources */ = {isa = PBXBuildFile; fileRef = A7810E9B2AEEE0690032CA72 /* Modules.swift */; };
		A7A2C2EB2AF01A7200C04116 /* Module Info.swift in Sources */ = {isa = PBXBuildFile; fileRef = A7A2C2EA2AF01A7200C04116 /* Module Info.swift */; };
		A7A2C2ED2AF120AB00C04116 /* OnBoarding.swift in Sources */ = {isa = PBXBuildFile; fileRef = A7A2C2EC2AF120AB00C04116 /* OnBoarding.swift */; };
		A7A2C2EF2AF180D700C04116 /* OnBoardingPages.swift in Sources */ = {isa = PBXBuildFile; fileRef = A7A2C2EE2AF180D700C04116 /* OnBoardingPages.swift */; };
		A7A2C2F12AF1835300C04116 /* FeaturesOverview.swift in Sources */ = {isa = PBXBuildFile; fileRef = A7A2C2F02AF1835300C04116 /* FeaturesOverview.swift */; };
		A7A2C2F32AF1C65000C04116 /* Modules Data.swift in Sources */ = {isa = PBXBuildFile; fileRef = A7A2C2F22AF1C65000C04116 /* Modules Data.swift */; };
		A7A2C2F82AF1E45800C04116 /* AboutModule.swift in Sources */ = {isa = PBXBuildFile; fileRef = A7A2C2F72AF1E45800C04116 /* AboutModule.swift */; };
		A7A2C2FA2AF1E4E100C04116 /* SpecificModule.swift in Sources */ = {isa = PBXBuildFile; fileRef = A7A2C2F92AF1E4E100C04116 /* SpecificModule.swift */; };
		A7A2C2FC2AF2717400C04116 /* FeaturesDetails.swift in Sources */ = {isa = PBXBuildFile; fileRef = A7A2C2FB2AF2717400C04116 /* FeaturesDetails.swift */; };
		A7FB5A112AEF3BA600130273 /* PrimaryNavTabBar.swift in Sources */ = {isa = PBXBuildFile; fileRef = A7FB5A102AEF3BA600130273 /* PrimaryNavTabBar.swift */; };
/* End PBXBuildFile section */

/* Begin PBXFileReference section */
		A71EECFB2AEF005400C1F775 /* SplashScreen.swift */ = {isa = PBXFileReference; lastKnownFileType = sourcecode.swift; path = SplashScreen.swift; sourceTree = "<group>"; };
		A71EECFD2AEF235A00C1F775 /* Module Components.swift */ = {isa = PBXFileReference; lastKnownFileType = sourcecode.swift; path = "Module Components.swift"; sourceTree = "<group>"; };
		A72015B22AE85CD900327963 /* Centra.app */ = {isa = PBXFileReference; explicitFileType = wrapper.application; includeInIndex = 0; path = Centra.app; sourceTree = BUILT_PRODUCTS_DIR; };
		A72015B52AE85CD900327963 /* CentraApp.swift */ = {isa = PBXFileReference; lastKnownFileType = sourcecode.swift; path = CentraApp.swift; sourceTree = "<group>"; };
		A72015B92AE85CDA00327963 /* Assets.xcassets */ = {isa = PBXFileReference; lastKnownFileType = folder.assetcatalog; path = Assets.xcassets; sourceTree = "<group>"; };
		A72015BC2AE85CDA00327963 /* Preview Assets.xcassets */ = {isa = PBXFileReference; lastKnownFileType = folder.assetcatalog; path = "Preview Assets.xcassets"; sourceTree = "<group>"; };
		A75695D52AF7EE1C00FF4B31 /* Module Details.swift */ = {isa = PBXFileReference; lastKnownFileType = sourcecode.swift; path = "Module Details.swift"; sourceTree = "<group>"; };
		A75695D72AF7EE2700FF4B31 /* Settings.swift */ = {isa = PBXFileReference; lastKnownFileType = sourcecode.swift; path = Settings.swift; sourceTree = "<group>"; };
		A7810E9B2AEEE0690032CA72 /* Modules.swift */ = {isa = PBXFileReference; lastKnownFileType = sourcecode.swift; path = Modules.swift; sourceTree = "<group>"; };
		A7A2C2EA2AF01A7200C04116 /* Module Info.swift */ = {isa = PBXFileReference; lastKnownFileType = sourcecode.swift; path = "Module Info.swift"; sourceTree = "<group>"; };
		A7A2C2EC2AF120AB00C04116 /* OnBoarding.swift */ = {isa = PBXFileReference; lastKnownFileType = sourcecode.swift; path = OnBoarding.swift; sourceTree = "<group>"; };
		A7A2C2EE2AF180D700C04116 /* OnBoardingPages.swift */ = {isa = PBXFileReference; lastKnownFileType = sourcecode.swift; path = OnBoardingPages.swift; sourceTree = "<group>"; };
		A7A2C2F02AF1835300C04116 /* FeaturesOverview.swift */ = {isa = PBXFileReference; lastKnownFileType = sourcecode.swift; path = FeaturesOverview.swift; sourceTree = "<group>"; };
		A7A2C2F22AF1C65000C04116 /* Modules Data.swift */ = {isa = PBXFileReference; lastKnownFileType = sourcecode.swift; path = "Modules Data.swift"; sourceTree = "<group>"; };
		A7A2C2F72AF1E45800C04116 /* AboutModule.swift */ = {isa = PBXFileReference; lastKnownFileType = sourcecode.swift; path = AboutModule.swift; sourceTree = "<group>"; };
		A7A2C2F92AF1E4E100C04116 /* SpecificModule.swift */ = {isa = PBXFileReference; lastKnownFileType = sourcecode.swift; path = SpecificModule.swift; sourceTree = "<group>"; };
		A7A2C2FB2AF2717400C04116 /* FeaturesDetails.swift */ = {isa = PBXFileReference; lastKnownFileType = sourcecode.swift; path = FeaturesDetails.swift; sourceTree = "<group>"; };
		A7FB5A102AEF3BA600130273 /* PrimaryNavTabBar.swift */ = {isa = PBXFileReference; lastKnownFileType = sourcecode.swift; path = PrimaryNavTabBar.swift; sourceTree = "<group>"; };
/* End PBXFileReference section */

/* Begin PBXFrameworksBuildPhase section */
		A72015AF2AE85CD900327963 /* Frameworks */ = {
			isa = PBXFrameworksBuildPhase;
			buildActionMask = 2147483647;
			files = (
			);
			runOnlyForDeploymentPostprocessing = 0;
		};
/* End PBXFrameworksBuildPhase section */

/* Begin PBXGroup section */
		A72015A92AE85CD900327963 = {
			isa = PBXGroup;
			children = (
				A72015B42AE85CD900327963 /* Centra */,
				A72015B32AE85CD900327963 /* Products */,
			);
			sourceTree = "<group>";
		};
		A72015B32AE85CD900327963 /* Products */ = {
			isa = PBXGroup;
			children = (
				A72015B22AE85CD900327963 /* Centra.app */,
			);
			name = Products;
			sourceTree = "<group>";
		};
		A72015B42AE85CD900327963 /* Centra */ = {
			isa = PBXGroup;
			children = (
				A72015B52AE85CD900327963 /* CentraApp.swift */,
				A7810E972AEEDED20032CA72 /* Scenes */,
				A7810E9A2AEEDF2C0032CA72 /* Views */,
				A7810E992AEEDF1D0032CA72 /* Data */,
				A7810E982AEEDEE50032CA72 /* Models */,
				A72015B92AE85CDA00327963 /* Assets.xcassets */,
				A72015BB2AE85CDA00327963 /* Preview Content */,
			);
			path = Centra;
			sourceTree = "<group>";
		};
		A72015BB2AE85CDA00327963 /* Preview Content */ = {
			isa = PBXGroup;
			children = (
				A72015BC2AE85CDA00327963 /* Preview Assets.xcassets */,
			);
			path = "Preview Content";
			sourceTree = "<group>";
		};
		A7810E972AEEDED20032CA72 /* Scenes */ = {
			isa = PBXGroup;
			children = (
				A7810E9B2AEEE0690032CA72 /* Modules.swift */,
				A71EECFB2AEF005400C1F775 /* SplashScreen.swift */,
				A7A2C2EC2AF120AB00C04116 /* OnBoarding.swift */,
				A75695D52AF7EE1C00FF4B31 /* Module Details.swift */,
				A75695D72AF7EE2700FF4B31 /* Settings.swift */,
				A7A2C2F62AF1E3C500C04116 /* Specific Module */,
			);
			path = Scenes;
			sourceTree = "<group>";
		};
		A7810E982AEEDEE50032CA72 /* Models */ = {
			isa = PBXGroup;
			children = (
				A7A2C2EA2AF01A7200C04116 /* Module Info.swift */,
				A7A2C2F02AF1835300C04116 /* FeaturesOverview.swift */,
			);
			path = Models;
			sourceTree = "<group>";
		};
		A7810E992AEEDF1D0032CA72 /* Data */ = {
			isa = PBXGroup;
			children = (
				A7A2C2F22AF1C65000C04116 /* Modules Data.swift */,
				A7A2C2FB2AF2717400C04116 /* FeaturesDetails.swift */,
			);
			path = Data;
			sourceTree = "<group>";
		};
		A7810E9A2AEEDF2C0032CA72 /* Views */ = {
			isa = PBXGroup;
			children = (
				A7A2C2EE2AF180D700C04116 /* OnBoardingPages.swift */,
				A71EECFD2AEF235A00C1F775 /* Module Components.swift */,
				A7FB5A102AEF3BA600130273 /* PrimaryNavTabBar.swift */,
			);
			path = Views;
			sourceTree = "<group>";
		};
		A7A2C2F62AF1E3C500C04116 /* Specific Module */ = {
			isa = PBXGroup;
			children = (
				A7A2C2F72AF1E45800C04116 /* AboutModule.swift */,
				A7A2C2F92AF1E4E100C04116 /* SpecificModule.swift */,
			);
			path = "Specific Module";
			sourceTree = "<group>";
		};
/* End PBXGroup section */

/* Begin PBXNativeTarget section */
		A72015B12AE85CD900327963 /* Centra */ = {
			isa = PBXNativeTarget;
			buildConfigurationList = A72015C02AE85CDA00327963 /* Build configuration list for PBXNativeTarget "Centra" */;
			buildPhases = (
				A72015AE2AE85CD900327963 /* Sources */,
				A72015AF2AE85CD900327963 /* Frameworks */,
				A72015B02AE85CD900327963 /* Resources */,
			);
			buildRules = (
			);
			dependencies = (
			);
			name = Centra;
			productName = Centra;
			productReference = A72015B22AE85CD900327963 /* Centra.app */;
			productType = "com.apple.product-type.application";
		};
/* End PBXNativeTarget section */

/* Begin PBXProject section */
		A72015AA2AE85CD900327963 /* Project object */ = {
			isa = PBXProject;
			attributes = {
				BuildIndependentTargetsInParallel = 1;
				LastSwiftUpdateCheck = 1500;
				LastUpgradeCheck = 1500;
				TargetAttributes = {
					A72015B12AE85CD900327963 = {
						CreatedOnToolsVersion = 15.0.1;
					};
				};
			};
			buildConfigurationList = A72015AD2AE85CD900327963 /* Build configuration list for PBXProject "Centra" */;
			compatibilityVersion = "Xcode 14.0";
			developmentRegion = en;
			hasScannedForEncodings = 0;
			knownRegions = (
				en,
				Base,
			);
			mainGroup = A72015A92AE85CD900327963;
			productRefGroup = A72015B32AE85CD900327963 /* Products */;
			projectDirPath = "";
			projectRoot = "";
			targets = (
				A72015B12AE85CD900327963 /* Centra */,
			);
		};
/* End PBXProject section */

/* Begin PBXResourcesBuildPhase section */
		A72015B02AE85CD900327963 /* Resources */ = {
			isa = PBXResourcesBuildPhase;
			buildActionMask = 2147483647;
			files = (
				A72015BD2AE85CDA00327963 /* Preview Assets.xcassets in Resources */,
				A72015BA2AE85CDA00327963 /* Assets.xcassets in Resources */,
			);
			runOnlyForDeploymentPostprocessing = 0;
		};
/* End PBXResourcesBuildPhase section */

/* Begin PBXSourcesBuildPhase section */
		A72015AE2AE85CD900327963 /* Sources */ = {
			isa = PBXSourcesBuildPhase;
			buildActionMask = 2147483647;
			files = (
				A7FB5A112AEF3BA600130273 /* PrimaryNavTabBar.swift in Sources */,
				A71EECFC2AEF005400C1F775 /* SplashScreen.swift in Sources */,
				A7A2C2F32AF1C65000C04116 /* Modules Data.swift in Sources */,
				A71EECFE2AEF235A00C1F775 /* Module Components.swift in Sources */,
				A7810E9C2AEEE0690032CA72 /* Modules.swift in Sources */,
				A7A2C2EB2AF01A7200C04116 /* Module Info.swift in Sources */,
				A7A2C2ED2AF120AB00C04116 /* OnBoarding.swift in Sources */,
				A7A2C2F82AF1E45800C04116 /* AboutModule.swift in Sources */,
				A7A2C2EF2AF180D700C04116 /* OnBoardingPages.swift in Sources */,
				A75695D82AF7EE2700FF4B31 /* Settings.swift in Sources */,
				A7A2C2FA2AF1E4E100C04116 /* SpecificModule.swift in Sources */,
				A7A2C2FC2AF2717400C04116 /* FeaturesDetails.swift in Sources */,
				A72015B62AE85CD900327963 /* CentraApp.swift in Sources */,
				A7A2C2F12AF1835300C04116 /* FeaturesOverview.swift in Sources */,
				A75695D62AF7EE1C00FF4B31 /* Module Details.swift in Sources */,
			);
			runOnlyForDeploymentPostprocessing = 0;
		};
/* End PBXSourcesBuildPhase section */

/* Begin XCBuildConfiguration section */
		A72015BE2AE85CDA00327963 /* Debug */ = {
			isa = XCBuildConfiguration;
			buildSettings = {
				ALWAYS_SEARCH_USER_PATHS = NO;
				ASSETCATALOG_COMPILER_GENERATE_SWIFT_ASSET_SYMBOL_EXTENSIONS = YES;
				CLANG_ANALYZER_NONNULL = YES;
				CLANG_ANALYZER_NUMBER_OBJECT_CONVERSION = YES_AGGRESSIVE;
				CLANG_CXX_LANGUAGE_STANDARD = "gnu++20";
				CLANG_ENABLE_MODULES = YES;
				CLANG_ENABLE_OBJC_ARC = YES;
				CLANG_ENABLE_OBJC_WEAK = YES;
				CLANG_WARN_BLOCK_CAPTURE_AUTORELEASING = YES;
				CLANG_WARN_BOOL_CONVERSION = YES;
				CLANG_WARN_COMMA = YES;
				CLANG_WARN_CONSTANT_CONVERSION = YES;
				CLANG_WARN_DEPRECATED_OBJC_IMPLEMENTATIONS = YES;
				CLANG_WARN_DIRECT_OBJC_ISA_USAGE = YES_ERROR;
				CLANG_WARN_DOCUMENTATION_COMMENTS = YES;
				CLANG_WARN_EMPTY_BODY = YES;
				CLANG_WARN_ENUM_CONVERSION = YES;
				CLANG_WARN_INFINITE_RECURSION = YES;
				CLANG_WARN_INT_CONVERSION = YES;
				CLANG_WARN_NON_LITERAL_NULL_CONVERSION = YES;
				CLANG_WARN_OBJC_IMPLICIT_RETAIN_SELF = YES;
				CLANG_WARN_OBJC_LITERAL_CONVERSION = YES;
				CLANG_WARN_OBJC_ROOT_CLASS = YES_ERROR;
				CLANG_WARN_QUOTED_INCLUDE_IN_FRAMEWORK_HEADER = YES;
				CLANG_WARN_RANGE_LOOP_ANALYSIS = YES;
				CLANG_WARN_STRICT_PROTOTYPES = YES;
				CLANG_WARN_SUSPICIOUS_MOVE = YES;
				CLANG_WARN_UNGUARDED_AVAILABILITY = YES_AGGRESSIVE;
				CLANG_WARN_UNREACHABLE_CODE = YES;
				CLANG_WARN__DUPLICATE_METHOD_MATCH = YES;
				COPY_PHASE_STRIP = NO;
				DEBUG_INFORMATION_FORMAT = dwarf;
				ENABLE_STRICT_OBJC_MSGSEND = YES;
				ENABLE_TESTABILITY = YES;
				ENABLE_USER_SCRIPT_SANDBOXING = YES;
				GCC_C_LANGUAGE_STANDARD = gnu17;
				GCC_DYNAMIC_NO_PIC = NO;
				GCC_NO_COMMON_BLOCKS = YES;
				GCC_OPTIMIZATION_LEVEL = 0;
				GCC_PREPROCESSOR_DEFINITIONS = (
					"DEBUG=1",
					"$(inherited)",
				);
				GCC_WARN_64_TO_32_BIT_CONVERSION = YES;
				GCC_WARN_ABOUT_RETURN_TYPE = YES_ERROR;
				GCC_WARN_UNDECLARED_SELECTOR = YES;
				GCC_WARN_UNINITIALIZED_AUTOS = YES_AGGRESSIVE;
				GCC_WARN_UNUSED_FUNCTION = YES;
				GCC_WARN_UNUSED_VARIABLE = YES;
				IPHONEOS_DEPLOYMENT_TARGET = 17.0;
				LOCALIZATION_PREFERS_STRING_CATALOGS = YES;
				MTL_ENABLE_DEBUG_INFO = INCLUDE_SOURCE;
				MTL_FAST_MATH = YES;
				ONLY_ACTIVE_ARCH = YES;
				SDKROOT = iphoneos;
				SWIFT_ACTIVE_COMPILATION_CONDITIONS = "DEBUG $(inherited)";
				SWIFT_OPTIMIZATION_LEVEL = "-Onone";
			};
			name = Debug;
		};
		A72015BF2AE85CDA00327963 /* Release */ = {
			isa = XCBuildConfiguration;
			buildSettings = {
				ALWAYS_SEARCH_USER_PATHS = NO;
				ASSETCATALOG_COMPILER_GENERATE_SWIFT_ASSET_SYMBOL_EXTENSIONS = YES;
				CLANG_ANALYZER_NONNULL = YES;
				CLANG_ANALYZER_NUMBER_OBJECT_CONVERSION = YES_AGGRESSIVE;
				CLANG_CXX_LANGUAGE_STANDARD = "gnu++20";
				CLANG_ENABLE_MODULES = YES;
				CLANG_ENABLE_OBJC_ARC = YES;
				CLANG_ENABLE_OBJC_WEAK = YES;
				CLANG_WARN_BLOCK_CAPTURE_AUTORELEASING = YES;
				CLANG_WARN_BOOL_CONVERSION = YES;
				CLANG_WARN_COMMA = YES;
				CLANG_WARN_CONSTANT_CONVERSION = YES;
				CLANG_WARN_DEPRECATED_OBJC_IMPLEMENTATIONS = YES;
				CLANG_WARN_DIRECT_OBJC_ISA_USAGE = YES_ERROR;
				CLANG_WARN_DOCUMENTATION_COMMENTS = YES;
				CLANG_WARN_EMPTY_BODY = YES;
				CLANG_WARN_ENUM_CONVERSION = YES;
				CLANG_WARN_INFINITE_RECURSION = YES;
				CLANG_WARN_INT_CONVERSION = YES;
				CLANG_WARN_NON_LITERAL_NULL_CONVERSION = YES;
				CLANG_WARN_OBJC_IMPLICIT_RETAIN_SELF = YES;
				CLANG_WARN_OBJC_LITERAL_CONVERSION = YES;
				CLANG_WARN_OBJC_ROOT_CLASS = YES_ERROR;
				CLANG_WARN_QUOTED_INCLUDE_IN_FRAMEWORK_HEADER = YES;
				CLANG_WARN_RANGE_LOOP_ANALYSIS = YES;
				CLANG_WARN_STRICT_PROTOTYPES = YES;
				CLANG_WARN_SUSPICIOUS_MOVE = YES;
				CLANG_WARN_UNGUARDED_AVAILABILITY = YES_AGGRESSIVE;
				CLANG_WARN_UNREACHABLE_CODE = YES;
				CLANG_WARN__DUPLICATE_METHOD_MATCH = YES;
				COPY_PHASE_STRIP = NO;
				DEBUG_INFORMATION_FORMAT = "dwarf-with-dsym";
				ENABLE_NS_ASSERTIONS = NO;
				ENABLE_STRICT_OBJC_MSGSEND = YES;
				ENABLE_USER_SCRIPT_SANDBOXING = YES;
				GCC_C_LANGUAGE_STANDARD = gnu17;
				GCC_NO_COMMON_BLOCKS = YES;
				GCC_WARN_64_TO_32_BIT_CONVERSION = YES;
				GCC_WARN_ABOUT_RETURN_TYPE = YES_ERROR;
				GCC_WARN_UNDECLARED_SELECTOR = YES;
				GCC_WARN_UNINITIALIZED_AUTOS = YES_AGGRESSIVE;
				GCC_WARN_UNUSED_FUNCTION = YES;
				GCC_WARN_UNUSED_VARIABLE = YES;
				IPHONEOS_DEPLOYMENT_TARGET = 17.0;
				LOCALIZATION_PREFERS_STRING_CATALOGS = YES;
				MTL_ENABLE_DEBUG_INFO = NO;
				MTL_FAST_MATH = YES;
				SDKROOT = iphoneos;
				SWIFT_COMPILATION_MODE = wholemodule;
				VALIDATE_PRODUCT = YES;
			};
			name = Release;
		};
		A72015C12AE85CDA00327963 /* Debug */ = {
			isa = XCBuildConfiguration;
			buildSettings = {
				ASSETCATALOG_COMPILER_APPICON_NAME = AppIcon;
				ASSETCATALOG_COMPILER_GLOBAL_ACCENT_COLOR_NAME = AccentColor;
				CODE_SIGN_STYLE = Automatic;
				CURRENT_PROJECT_VERSION = 1;
				DEVELOPMENT_ASSET_PATHS = "\"Centra/Preview Content\"";
				DEVELOPMENT_TEAM = E655H9K837;
				ENABLE_PREVIEWS = YES;
				GENERATE_INFOPLIST_FILE = YES;
				INFOPLIST_KEY_UIApplicationSceneManifest_Generation = YES;
				INFOPLIST_KEY_UIApplicationSupportsIndirectInputEvents = YES;
				INFOPLIST_KEY_UILaunchScreen_Generation = YES;
				INFOPLIST_KEY_UISupportedInterfaceOrientations_iPad = "UIInterfaceOrientationPortrait UIInterfaceOrientationPortraitUpsideDown UIInterfaceOrientationLandscapeLeft UIInterfaceOrientationLandscapeRight";
				INFOPLIST_KEY_UISupportedInterfaceOrientations_iPhone = "UIInterfaceOrientationPortrait UIInterfaceOrientationLandscapeLeft UIInterfaceOrientationLandscapeRight";
				LD_RUNPATH_SEARCH_PATHS = (
					"$(inherited)",
					"@executable_path/Frameworks",
				);
				MARKETING_VERSION = 1.0;
				PRODUCT_BUNDLE_IDENTIFIER = co.za.g27.Centra;
				PRODUCT_NAME = "$(TARGET_NAME)";
				SWIFT_EMIT_LOC_STRINGS = YES;
				SWIFT_VERSION = 5.0;
				TARGETED_DEVICE_FAMILY = "1,2";
			};
			name = Debug;
		};
		A72015C22AE85CDA00327963 /* Release */ = {
			isa = XCBuildConfiguration;
			buildSettings = {
				ASSETCATALOG_COMPILER_APPICON_NAME = AppIcon;
				ASSETCATALOG_COMPILER_GLOBAL_ACCENT_COLOR_NAME = AccentColor;
				CODE_SIGN_STYLE = Automatic;
				CURRENT_PROJECT_VERSION = 1;
				DEVELOPMENT_ASSET_PATHS = "\"Centra/Preview Content\"";
				DEVELOPMENT_TEAM = E655H9K837;
				ENABLE_PREVIEWS = YES;
				GENERATE_INFOPLIST_FILE = YES;
				INFOPLIST_KEY_UIApplicationSceneManifest_Generation = YES;
				INFOPLIST_KEY_UIApplicationSupportsIndirectInputEvents = YES;
				INFOPLIST_KEY_UILaunchScreen_Generation = YES;
				INFOPLIST_KEY_UISupportedInterfaceOrientations_iPad = "UIInterfaceOrientationPortrait UIInterfaceOrientationPortraitUpsideDown UIInterfaceOrientationLandscapeLeft UIInterfaceOrientationLandscapeRight";
				INFOPLIST_KEY_UISupportedInterfaceOrientations_iPhone = "UIInterfaceOrientationPortrait UIInterfaceOrientationLandscapeLeft UIInterfaceOrientationLandscapeRight";
				LD_RUNPATH_SEARCH_PATHS = (
					"$(inherited)",
					"@executable_path/Frameworks",
				);
				MARKETING_VERSION = 1.0;
				PRODUCT_BUNDLE_IDENTIFIER = co.za.g27.Centra;
				PRODUCT_NAME = "$(TARGET_NAME)";
				SWIFT_EMIT_LOC_STRINGS = YES;
				SWIFT_VERSION = 5.0;
				TARGETED_DEVICE_FAMILY = "1,2";
			};
			name = Release;
		};
/* End XCBuildConfiguration section */

/* Begin XCConfigurationList section */
		A72015AD2AE85CD900327963 /* Build configuration list for PBXProject "Centra" */ = {
			isa = XCConfigurationList;
			buildConfigurations = (
				A72015BE2AE85CDA00327963 /* Debug */,
				A72015BF2AE85CDA00327963 /* Release */,
			);
			defaultConfigurationIsVisible = 0;
			defaultConfigurationName = Release;
		};
		A72015C02AE85CDA00327963 /* Build configuration list for PBXNativeTarget "Centra" */ = {
			isa = XCConfigurationList;
			buildConfigurations = (
				A72015C12AE85CDA00327963 /* Debug */,
				A72015C22AE85CDA00327963 /* Release */,
			);
			defaultConfigurationIsVisible = 0;
			defaultConfigurationName = Release;
		};
/* End XCConfigurationList section */
	};
	rootObject = A72015AA2AE85CD900327963 /* Project object */;
}
